[[package]]
name = "PyQt6"
version = "6.4.0"
description = "Python bindings for the Qt cross platform application toolkit"
category = "main"
optional = false
python-versions = ">=3.6.1"

[package.dependencies]
PyQt6-Qt6 = ">=6.4.0"
PyQt6-sip = ">=13.4,<14"

[[package]]
name = "PyQt6-Qt6"
version = "6.4.0"
description = "The subset of a Qt installation needed by PyQt6."
category = "main"
optional = false
python-versions = "*"

[[package]]
name = "PyQt6-sip"
version = "13.4.0"
description = "The sip module support for PyQt6"
category = "main"
optional = false
python-versions = ">=3.7"

[metadata]
lock-version = "1.1"
python-versions = "^3.8"
content-hash = "afcf7b3b43c96f83c315ca26adcf469c0bccf326aab526302363c5ea978e4bdd"

[metadata.files]
PyQt6 = [
    {file = "PyQt6-6.4.0-cp37-abi3-macosx_10_14_universal2.whl", hash = "sha256:8e614cc4b95dec8bec8ba3c3eaf821058b45862e66d69a8c4fb5576123f2be98"},
    {file = "PyQt6-6.4.0-cp37-abi3-manylinux_2_28_x86_64.whl", hash = "sha256:79d093ce97010eac92e83a4e8efe231328af9ec757ba78c77e46ca1e007eca0d"},
    {file = "PyQt6-6.4.0-cp37-abi3-win_amd64.whl", hash = "sha256:37e399420866fff5c5bd49f56710dffd3a7a126afc6612b877d666f381bd554f"},
    {file = "PyQt6-6.4.0.tar.gz", hash = "sha256:91392469be1f491905fa9e78fa4e4059a89ab616ddf2ecfd525bc1d65c26bb93"},
]
PyQt6-Qt6 = [
    {file = "PyQt6_Qt6-6.4.0-py3-none-macosx_10_14_x86_64.whl", hash = "sha256:38cfedf942f6982e2492234c4912a6f9ae0d54430313ba32297b7d673adaa11d"},
    {file = "PyQt6_Qt6-6.4.0-py3-none-macosx_11_0_arm64.whl", hash = "sha256:fe846c6f89c4ca720ec03c85ec31ac6cc3ffbe8bf5e780f25f99a4cac3372f7c"},
    {file = "PyQt6_Qt6-6.4.0-py3-none-manylinux_2_28_x86_64.whl", hash = "sha256:adee1f98678adebf14cdf4ea1f95cf00b6a644c14e9a79136166d0060de72dfc"},
    {file = "PyQt6_Qt6-6.4.0-py3-none-win_amd64.whl", hash = "sha256:9f53036e3c7e0f17eabf6e89689279f3fc4895747b29c0c22d547ba57a087a8b"},
]
PyQt6-sip = [
    {file = "PyQt6_sip-13.4.0-cp310-cp310-macosx_10_9_universal2.whl", hash = "sha256:3ac7e0800180202dcc0c7035ff88c2a6f4a0f5acb20c4a19f71d807d0f7857b7"},
    {file = "PyQt6_sip-13.4.0-cp310-cp310-manylinux1_x86_64.whl", hash = "sha256:bb4f2e2fdcf3a8dafe4256750bbedd9e7107c4fd8afa9c25be28423c36bb12b8"},
    {file = "PyQt6_sip-13.4.0-cp310-cp310-win_amd64.whl", hash = "sha256:de601187055d684b36ebe6e800a5deacaa55b69d71ad43312b76422cfeae0e12"},
    {file = "PyQt6_sip-13.4.0-cp37-cp37m-macosx_10_9_x86_64.whl", hash = "sha256:83b446d247a92d119d507dbc94fc1f47389d8118a5b6232a2859951157319a30"},
    {file = "PyQt6_sip-13.4.0-cp37-cp37m-manylinux1_x86_64.whl", hash = "sha256:802b0cfed19900183220c46895c2635f0dd062f2d275a25506423f911ef74db4"},
    {file = "PyQt6_sip-13.4.0-cp37-cp37m-win_amd64.whl", hash = "sha256:2694ae67811cefb6ea3ee0e9995755b45e4952f4dcadec8c04300fd828f91c75"},
    {file = "PyQt6_sip-13.4.0-cp38-cp38-macosx_10_9_x86_64.whl", hash = "sha256:9e03c780846fd5d71c06e33322fd11a05713d9cd410e3571d069ac9a84077647"},
    {file = "PyQt6_sip-13.4.0-cp38-cp38-manylinux1_x86_64.whl", hash = "sha256:9c5231536e6153071b22175e46e368045fd08d772a90d772a0977d1166c7822c"},
    {file = "PyQt6_sip-13.4.0-cp38-cp38-win_amd64.whl", hash = "sha256:cfdcd43e123bd55c155cfe7a33895033e6d25de90a48ed9c25a0ddd0196a810e"},
    {file = "PyQt6_sip-13.4.0-cp39-cp39-macosx_10_9_universal2.whl", hash = "sha256:3de18c4a32f717a351d560a39f528af24077f5135aacfa8890a2f2d79f0633da"},
    {file = "PyQt6_sip-13.4.0-cp39-cp39-manylinux1_x86_64.whl", hash = "sha256:fd2df2a9479b8ac858117bd55dc0ec0bd1ce6c8f3486b0cc5e860c0540a8bba0"},
    {file = "PyQt6_sip-13.4.0-cp39-cp39-win_amd64.whl", hash = "sha256:3486914137f5336cff6e10a5e9d52c1e60ff883473938b45f267f794daeacb2f"},
    {file = "PyQt6_sip-13.4.0.tar.gz", hash = "sha256:6d87a3ee5872d7511b76957d68a32109352caf3b7a42a01d9ee20032b350d979"},
]
